# THIS IS AN AUTOGENERATED FILE. DO NOT EDIT THIS FILE DIRECTLY.
# yarn lockfile v1


"@types/node@*":
  version "10.5.2"
  resolved "http://registry.npm.taobao.org/@types/node/download/@types/node-10.5.2.tgz#f19f05314d5421fe37e74153254201a7bf00a707"
  integrity sha512-m9zXmifkZsMHZBOyxZWilMwmTlpC8x5Ty360JKTiXvlXZfBWYpsg9ZZvP/Ye+iZUh+Q+MxDLjItVTWIsfwz+8Q==

asynckit@^0.4.0:
  version "0.4.0"
  resolved "http://registry.npm.taobao.org/asynckit/download/asynckit-0.4.0.tgz#c79ed97f7f34cb8f2ba1bc9790bcc366474b4b79"
  integrity sha1-x57Zf380y48robyXkLzDZkdLS3k=

boolbase@~1.0.0:
  version "1.0.0"
  resolved "http://registry.npm.taobao.org/boolbase/download/boolbase-1.0.0.tgz#68dff5fbe60c51eb37725ea9e3ed310dcc1e776e"
  integrity sha1-aN/1++YMUes3cl6p4+0xDcwed24=

cheerio@^1.0.0-rc.2:
  version "1.0.0-rc.2"
  resolved "http://registry.npm.taobao.org/cheerio/download/cheerio-1.0.0-rc.2.tgz#4b9f53a81b27e4d5dac31c0ffd0cfa03cc6830db"
  integrity sha1-S59TqBsn5NXawxwP/Qz6A8xoMNs=
  dependencies:
    css-select "~1.2.0"
    dom-serializer "~0.1.0"
    entities "~1.1.1"
    htmlparser2 "^3.9.1"
    lodash "^4.15.0"
    parse5 "^3.0.1"

combined-stream@1.0.6:
  version "1.0.6"
  resolved "http://registry.npm.taobao.org/combined-stream/download/combined-stream-1.0.6.tgz#723e7df6e801ac5613113a7e445a9b69cb632818"
  integrity sha1-cj599ugBrFYTETp+RFqbactjKBg=
  dependencies:
    delayed-stream "~1.0.0"

component-emitter@^1.2.0:
  version "1.2.1"
  resolved "http://registry.npm.taobao.org/component-emitter/download/component-emitter-1.2.1.tgz#137918d6d78283f7df7a6b7c5a63e140e69425e6"
  integrity sha1-E3kY1teCg/ffemt8WmPhQOaUJeY=

cookiejar@^2.1.0:
  version "2.1.2"
  resolved "http://registry.npm.taobao.org/cookiejar/download/cookiejar-2.1.2.tgz#dd8a235530752f988f9a0844f3fc589e3111125c"
  integrity sha512-Mw+adcfzPxcPeI+0WlvRrr/3lGVO0bD75SxX6811cxSh1Wbxx7xZBGK1eVtDf6si8rg2lhnUjsVLMFMfbRIuwA==

core-util-is@~1.0.0:
  version "1.0.2"
  resolved "http://registry.npm.taobao.org/core-util-is/download/core-util-is-1.0.2.tgz#b5fd54220aa2bc5ab57aab7140c940754503c1a7"
  integrity sha1-tf1UIgqivFq1eqtxQMlAdUUDwac=

css-select@~1.2.0:
  version "1.2.0"
  resolved "http://registry.npm.taobao.org/css-select/download/css-select-1.2.0.tgz#2b3a110539c5355f1cd8d314623e870b121ec858"
  integrity sha1-KzoRBTnFNV8c2NMUYj6HCxIeyFg=
  dependencies:
    boolbase "~1.0.0"
    css-what "2.1"
    domutils "1.5.1"
    nth-check "~1.0.1"

css-what@2.1:
  version "2.1.0"
  resolved "http://registry.npm.taobao.org/css-what/download/css-what-2.1.0.tgz#9467d032c38cfaefb9f2d79501253062f87fa1bd"
  integrity sha1-lGfQMsOM+u+58teVASUwYvh/ob0=

debug@^3.1.0:
  version "3.1.0"
  resolved "http://registry.npm.taobao.org/debug/download/debug-3.1.0.tgz#5bb5a0672628b64149566ba16819e61518c67261"
  integrity sha512-OX8XqP7/1a9cqkxYw2yXss15f26NKWBpDXQd0/uK/KPqdQhxbPa994hnzjcE2VqQpDslf55723cKPUOGSmMY3g==
  dependencies:
    ms "2.0.0"

delayed-stream@~1.0.0:
  version "1.0.0"
  resolved "http://registry.npm.taobao.org/delayed-stream/download/delayed-stream-1.0.0.tgz#df3ae199acadfb7d440aaae0b29e2272b24ec619"
  integrity sha1-3zrhmayt+31ECqrgsp4icrJOxhk=

dom-serializer@0, dom-serializer@~0.1.0:
  version "0.1.0"
  resolved "http://registry.npm.taobao.org/dom-serializer/download/dom-serializer-0.1.0.tgz#073c697546ce0780ce23be4a28e293e40bc30c82"
  integrity sha1-BzxpdUbOB4DOI75KKOKT5AvDDII=
  dependencies:
    domelementtype "~1.1.1"
    entities "~1.1.1"

domelementtype@1, domelementtype@^1.3.0:
  version "1.3.0"
  resolved "http://registry.npm.taobao.org/domelementtype/download/domelementtype-1.3.0.tgz#b17aed82e8ab59e52dd9c19b1756e0fc187204c2"
  integrity sha1-sXrtguirWeUt2cGbF1bg/BhyBMI=

domelementtype@~1.1.1:
  version "1.1.3"
  resolved "http://registry.npm.taobao.org/domelementtype/download/domelementtype-1.1.3.tgz#bd28773e2642881aec51544924299c5cd822185b"
  integrity sha1-vSh3PiZCiBrsUVRJJCmcXNgiGFs=

domhandler@^2.3.0:
  version "2.4.2"
  resolved "http://registry.npm.taobao.org/domhandler/download/domhandler-2.4.2.tgz#8805097e933d65e85546f726d60f5eb88b44f803"
  integrity sha512-JiK04h0Ht5u/80fdLMCEmV4zkNh2BcoMFBmZ/91WtYZ8qVXSKjiw7fXMgFPnHcSZgOo3XdinHvmnDUeMf5R4wA==
  dependencies:
    domelementtype "1"

domutils@1.5.1:
  version "1.5.1"
  resolved "http://registry.npm.taobao.org/domutils/download/domutils-1.5.1.tgz#dcd8488a26f563d61079e48c9f7b7e32373682cf"
  integrity sha1-3NhIiib1Y9YQeeSMn3t+Mjc2gs8=
  dependencies:
    dom-serializer "0"
    domelementtype "1"

domutils@^1.5.1:
  version "1.7.0"
  resolved "http://registry.npm.taobao.org/domutils/download/domutils-1.7.0.tgz#56ea341e834e06e6748af7a1cb25da67ea9f8c2a"
  integrity sha512-Lgd2XcJ/NjEw+7tFvfKxOzCYKZsdct5lczQ2ZaQY8Djz7pfAD3Gbp8ySJWtreII/vDlMVmxwa6pHmdxIYgttDg==
  dependencies:
    dom-serializer "0"
    domelementtype "1"

entities@^1.1.1, entities@~1.1.1:
  version "1.1.1"
  resolved "http://registry.npm.taobao.org/entities/download/entities-1.1.1.tgz#6e5c2d0a5621b5dadaecef80b90edfb5cd7772f0"
  integrity sha1-blwtClYhtdra7O+AuQ7ftc13cvA=

extend@^3.0.0:
  version "3.0.2"
  resolved "http://registry.npm.taobao.org/extend/download/extend-3.0.2.tgz#f8b1136b4071fbd8eb140aff858b1019ec2915fa"
  integrity sha512-fjquC59cD7CyW6urNXK0FBufkZcoiGG80wTuPujX590cB5Ttln20E2UB4S/WARVqhXffZl2LNgS+gQdPIIim/g==

form-data@^2.3.1:
  version "2.3.2"
  resolved "http://registry.npm.taobao.org/form-data/download/form-data-2.3.2.tgz#4970498be604c20c005d4f5c23aecd21d6b49099"
  integrity sha1-SXBJi+YEwgwAXU9cI67NIda0kJk=
  dependencies:
    asynckit "^0.4.0"
    combined-stream "1.0.6"
    mime-types "^2.1.12"

formidable@^1.2.0:
  version "1.2.1"
  resolved "http://registry.npm.taobao.org/formidable/download/formidable-1.2.1.tgz#70fb7ca0290ee6ff961090415f4b3df3d2082659"
  integrity sha512-Fs9VRguL0gqGHkXS5GQiMCr1VhZBxz0JnJs4JmMp/2jL18Fmbzvv7vOFRU+U8TBkHEE/CX1qDXzJplVULgsLeg==

htmlparser2@^3.9.1:
  version "3.9.2"
  resolved "http://registry.npm.taobao.org/htmlparser2/download/htmlparser2-3.9.2.tgz#1bdf87acca0f3f9e53fa4fcceb0f4b4cbb00b338"
  integrity sha1-G9+HrMoPP55T+k/M6w9LTLsAszg=
  dependencies:
    domelementtype "^1.3.0"
    domhandler "^2.3.0"
    domutils "^1.5.1"
    entities "^1.1.1"
    inherits "^2.0.1"
    readable-stream "^2.0.2"

iconv-lite@^0.4.16:
  version "0.4.24"
  resolved "https://registry.yarnpkg.com/iconv-lite/-/iconv-lite-0.4.24.tgz#2022b4b25fbddc21d2f524974a474aafe733908b"
  integrity sha512-v3MXnZAcvnywkTUEZomIActle7RXXeedOR31wwl7VlyoXO4Qi9arvSenNQWne1TcRwhCL1HwLI21bEqdpj8/rA==
  dependencies:
    safer-buffer ">= 2.1.2 < 3"

inherits@^2.0.1, inherits@~2.0.3:
  version "2.0.3"
  resolved "http://registry.npm.taobao.org/inherits/download/inherits-2.0.3.tgz#633c2c83e3da42a502f52466022480f4208261de"
  integrity sha1-Yzwsg+PaQqUC9SRmAiSA9CCCYd4=

isarray@~1.0.0:
  version "1.0.0"
  resolved "http://registry.npm.taobao.org/isarray/download/isarray-1.0.0.tgz#bb935d48582cba168c06834957a54a3e07124f11"
  integrity sha1-u5NdSFgsuhaMBoNJV6VKPgcSTxE=

lodash@^4.15.0:
  version "4.17.10"
  resolved "http://registry.npm.taobao.org/lodash/download/lodash-4.17.10.tgz#1b7793cf7259ea38fb3661d4d38b3260af8ae4e7"
  integrity sha512-UejweD1pDoXu+AD825lWwp4ZGtSwgnpZxb3JDViD7StjQz+Nb/6l093lx4OQ0foGWNRoc19mWy7BzL+UAK2iVg==

methods@^1.1.1:
  version "1.1.2"
  resolved "http://registry.npm.taobao.org/methods/download/methods-1.1.2.tgz#5529a4d67654134edcc5266656835b0f851afcee"
  integrity sha1-VSmk1nZUE07cxSZmVoNbD4Ua/O4=

mime-db@~1.35.0:
  version "1.35.0"
  resolved "http://registry.npm.taobao.org/mime-db/download/mime-db-1.35.0.tgz#0569d657466491283709663ad379a99b90d9ab47"
  integrity sha512-JWT/IcCTsB0Io3AhWUMjRqucrHSPsSf2xKLaRldJVULioggvkJvggZ3VXNNSRkCddE6D+BUI4HEIZIA2OjwIvg==

mime-types@^2.1.12:
  version "2.1.19"
  resolved "http://registry.npm.taobao.org/mime-types/download/mime-types-2.1.19.tgz#71e464537a7ef81c15f2db9d97e913fc0ff606f0"
  integrity sha512-P1tKYHVSZ6uFo26mtnve4HQFE3koh1UWVkp8YUC+ESBHe945xWSoXuHHiGarDqcEZ+whpCDnlNw5LON0kLo+sw==
  dependencies:
    mime-db "~1.35.0"

mime@^1.4.1:
  version "1.6.0"
  resolved "http://registry.npm.taobao.org/mime/download/mime-1.6.0.tgz#32cd9e5c64553bd58d19a568af452acff04981b1"
  integrity sha512-x0Vn8spI+wuJ1O6S7gnbaQg8Pxh4NNHb7KSINmEWKiPE4RKOplvijn+NkmYmmRgP68mc70j2EbeTFRsrswaQeg==

ms@2.0.0:
  version "2.0.0"
  resolved "http://registry.npm.taobao.org/ms/download/ms-2.0.0.tgz#5608aeadfc00be6c2901df5f9861788de0d597c8"
  integrity sha1-VgiurfwAvmwpAd9fmGF4jeDVl8g=

nth-check@~1.0.1:
  version "1.0.1"
  resolved "http://registry.npm.taobao.org/nth-check/download/nth-check-1.0.1.tgz#9929acdf628fc2c41098deab82ac580cf149aae4"
  integrity sha1-mSms32KPwsQQmN6rgqxYDPFJquQ=
  dependencies:
    boolbase "~1.0.0"

parse5@^3.0.1:
  version "3.0.3"
  resolved "http://registry.npm.taobao.org/parse5/download/parse5-3.0.3.tgz#042f792ffdd36851551cf4e9e066b3874ab45b5c"
  integrity sha512-rgO9Zg5LLLkfJF9E6CCmXlSE4UVceloys8JrFqCcHloC3usd/kJCyPDwH2SOlzix2j3xaP9sUX3e8+kvkuleAA==
  dependencies:
    "@types/node" "*"

process-nextick-args@~2.0.0:
  version "2.0.0"
  resolved "http://registry.npm.taobao.org/process-nextick-args/download/process-nextick-args-2.0.0.tgz#a37d732f4271b4ab1ad070d35508e8290788ffaa"
  integrity sha512-MtEC1TqN0EU5nephaJ4rAtThHtC86dNN9qCuEhtshvpVBkAW5ZO7BASN9REnF9eoXGcRub+pFuKEpOHE+HbEMw==

qs@^6.5.1:
  version "6.5.2"
  resolved "http://registry.npm.taobao.org/qs/download/qs-6.5.2.tgz#cb3ae806e8740444584ef154ce8ee98d403f3e36"
  integrity sha512-N5ZAX4/LxJmF+7wN74pUD6qAh9/wnvdQcjq9TZjevvXzSUo7bfmw91saqMjzGS2xq91/odN2dW/WOl7qQHNDGA==

readable-stream@^2.0.2, readable-stream@^2.3.5:
  version "2.3.6"
  resolved "http://registry.npm.taobao.org/readable-stream/download/readable-stream-2.3.6.tgz#b11c27d88b8ff1fbe070643cf94b0c79ae1b0aaf"
  integrity sha512-tQtKA9WIAhBF3+VLAseyMqZeBjW0AHJoxOtYqSUZNJxauErmLbVm2FW1y+J/YA9dUrAC39ITejlZWhVIwawkKw==
  dependencies:
    core-util-is "~1.0.0"
    inherits "~2.0.3"
    isarray "~1.0.0"
    process-nextick-args "~2.0.0"
    safe-buffer "~5.1.1"
    string_decoder "~1.1.1"
    util-deprecate "~1.0.1"

safe-buffer@~5.1.0, safe-buffer@~5.1.1:
  version "5.1.2"
  resolved "http://registry.npm.taobao.org/safe-buffer/download/safe-buffer-5.1.2.tgz#991ec69d296e0313747d59bdfd2b745c35f8828d"
  integrity sha512-Gd2UZBJDkXlY7GbJxfsE8/nvKkUEU1G38c1siN6QP6a9PT9MmHB8GnpscSmMJSoF8LOIrt8ud/wPtojys4G6+g==

"safer-buffer@>= 2.1.2 < 3":
  version "2.1.2"
  resolved "https://registry.yarnpkg.com/safer-buffer/-/safer-buffer-2.1.2.tgz#44fa161b0187b9549dd84bb91802f9bd8385cd6a"
  integrity sha512-YZo3K82SD7Riyi0E1EQPojLz7kpepnSQI9IyPbHHg1XXXevb5dJI7tpyN2ADxGcQbHG7vcyRHk0cbwqcQriUtg==

string_decoder@~1.1.1:
  version "1.1.1"
  resolved "http://registry.npm.taobao.org/string_decoder/download/string_decoder-1.1.1.tgz#9cf1611ba62685d7030ae9e4ba34149c3af03fc8"
  integrity sha512-n/ShnvDi6FHbbVfviro+WojiFzv+s8MPMHBczVePfUpDJLwoLT0ht1l4YwBCbi8pJAveEEdnkHyPyTP/mzRfwg==
  dependencies:
    safe-buffer "~5.1.0"

superagent-charset@^1.2.0:
  version "1.2.0"
  resolved "https://registry.yarnpkg.com/superagent-charset/-/superagent-charset-1.2.0.tgz#9eeba5a9275f6f1cd3d6b13861f94463f3c3a348"
  integrity sha1-nuulqSdfbxzT1rE4YflEY/PDo0g=
  dependencies:
    iconv-lite "^0.4.16"

superagent@^3.8.3:
  version "3.8.3"
  resolved "http://registry.npm.taobao.org/superagent/download/superagent-3.8.3.tgz#460ea0dbdb7d5b11bc4f78deba565f86a178e128"
  integrity sha512-GLQtLMCoEIK4eDv6OGtkOoSMt3D+oq0y3dsxMuYuDvaNUvuT8eFBuLmfR0iYYzHC1e8hpzC6ZsxbuP6DIalMFA==
  dependencies:
    component-emitter "^1.2.0"
    cookiejar "^2.1.0"
    debug "^3.1.0"
    extend "^3.0.0"
    form-data "^2.3.1"
    formidable "^1.2.0"
    methods "^1.1.1"
    mime "^1.4.1"
    qs "^6.5.1"
    readable-stream "^2.3.5"

util-deprecate@~1.0.1:
  version "1.0.2"
  resolved "http://registry.npm.taobao.org/util-deprecate/download/util-deprecate-1.0.2.tgz#450d4dc9fa70de732762fbd2d4a28981419a0ccf"
  integrity sha1-RQ1Nyfpw3nMnYvvS1KKJgUGaDM8=
